
Microsoft Visual Studio Solution File, Format Version 12.00
# Visual Studio 15
VisualStudioVersion = 15.0.28010.2041
MinimumVisualStudioVersion = 10.0.40219.1
Project("{FAE04EC0-301F-11D3-BF4B-00C04F79EFBC}") = "HesapMakinesi", "HesapMakinesi\HesapMakinesi.csproj", "{27BEB789-8C4B-4B00-AFFF-1EF5E0B53C15}"
EndProject
Global
	GlobalSection(SolutionConfigurationPlatforms) = preSolution
		Debug|Any CPU = Debug|Any CPU
		Release|Any CPU = Release|Any CPU
	EndGlobalSection
	GlobalSection(ProjectConfigurationPlatforms) = postSolution
		{27BEB789-8C4B-4B00-AFFF-1EF5E0B53C15}.Debug|Any CPU.ActiveCfg = Debug|Any CPU
		{27BEB789-8C4B-4B00-AFFF-1EF5E0B53C15}.Debug|Any CPU.Build.0 = Debug|Any CPU
		{27BEB789-8C4B-4B00-AFFF-1EF5E0B53C15}.Release|Any CPU.ActiveCfg = Release|Any CPU
		{27BEB789-8C4B-4B00-AFFF-1EF5E0B53C15}.Release|Any CPU.Build.0 = Release|Any CPU
	EndGlobalSection
	GlobalSection(SolutionProperties) = preSolution
		HideSolutionNode = FALSE
	EndGlobalSection
	GlobalSection(ExtensibilityGlobals) = postSolution
		SolutionGuid = {11A92FDC-80FD-4234-9137-4B34F5F16C77}
	EndGlobalSection
EndGlobal
